{
  "version": "v1",
  "packages": {
    "three": {
      "signature": "2f357c2ac8dcdac845b74f9f4e1a787b",
      "file": true,
      "replaced": "0.148"
    },
    "webxr-layers-polyfill": {
      "signature": "a89bbc0f00286be21042d31ff1a6ec98",
      "file": true,
      "replaced": "^1.0.5"
    }
  }
}