{
  "version": "v1",
  "packages": {
    "three": {
      "signature": "64c00ba756f658b2d75bcc8a80078e40",
      "file": true,
      "replaced": "^0.147.0"
    },
    "webxr-layers-polyfill": {
      "signature": "a89bbc0f00286be21042d31ff1a6ec98",
      "file": true,
      "replaced": "^1.0.5"
    }
  }
}