{
  "version": "v1",
  "packages": {
    "three": {
      "signature": "452611a34518b0f20c650b56f193a907",
      "file": true,
      "replaced": "0.148"
    },
    "webxr-layers-polyfill": {
      "signature": "a89bbc0f00286be21042d31ff1a6ec98",
      "file": true,
      "replaced": "^1.0.5"
    }
  }
}